
Microsoft Visual Studio Solution File, Format Version 12.00
# Visual Studio Version 17
VisualStudioVersion = 17.9.34728.123
MinimumVisualStudioVersion = 10.0.40219.1
Project("{9A19103F-16F7-4668-BE54-9A1E7A4F7556}") = "Servidor - Cliente", "Servidor - Cliente.csproj", "{7EA7BF89-A8F0-4FBE-ADAC-5A1D563C8C26}"
EndProject
Project("{9A19103F-16F7-4668-BE54-9A1E7A4F7556}") = "Cliente - Servidor", "Cliente - Servidor\Cliente - Servidor.csproj", "{8FD86EE7-38AE-4DA6-A8CC-D3ACC7B193C2}"
EndProject
Global
	GlobalSection(SolutionConfigurationPlatforms) = preSolution
		Debug|Any CPU = Debug|Any CPU
		Release|Any CPU = Release|Any CPU
	EndGlobalSection
	GlobalSection(ProjectConfigurationPlatforms) = postSolution
		{7EA7BF89-A8F0-4FBE-ADAC-5A1D563C8C26}.Debug|Any CPU.ActiveCfg = Debug|Any CPU
		{7EA7BF89-A8F0-4FBE-ADAC-5A1D563C8C26}.Debug|Any CPU.Build.0 = Debug|Any CPU
		{7EA7BF89-A8F0-4FBE-ADAC-5A1D563C8C26}.Release|Any CPU.ActiveCfg = Release|Any CPU
		{7EA7BF89-A8F0-4FBE-ADAC-5A1D563C8C26}.Release|Any CPU.Build.0 = Release|Any CPU
		{8FD86EE7-38AE-4DA6-A8CC-D3ACC7B193C2}.Debug|Any CPU.ActiveCfg = Debug|Any CPU
		{8FD86EE7-38AE-4DA6-A8CC-D3ACC7B193C2}.Debug|Any CPU.Build.0 = Debug|Any CPU
		{8FD86EE7-38AE-4DA6-A8CC-D3ACC7B193C2}.Release|Any CPU.ActiveCfg = Release|Any CPU
		{8FD86EE7-38AE-4DA6-A8CC-D3ACC7B193C2}.Release|Any CPU.Build.0 = Release|Any CPU
	EndGlobalSection
	GlobalSection(SolutionProperties) = preSolution
		HideSolutionNode = FALSE
	EndGlobalSection
	GlobalSection(ExtensibilityGlobals) = postSolution
		SolutionGuid = {AF774A09-A614-43CD-87EA-762FC888C1E3}
	EndGlobalSection
EndGlobal
